
Microsoft Visual Studio Solution File, Format Version 12.00
# Visual Studio Version 16
VisualStudioVersion = 16.0.32106.194
MinimumVisualStudioVersion = 10.0.40219.1
Project("{FAE04EC0-301F-11D3-BF4B-00C04F79EFBC}") = "hada-p1", "hada-p1\hada-p1.csproj", "{71DE8C00-4119-4B3D-8913-873AB39A9CCF}"
EndProject
Global
	GlobalSection(SolutionConfigurationPlatforms) = preSolution
		Debug|Any CPU = Debug|Any CPU
		Release|Any CPU = Release|Any CPU
	EndGlobalSection
	GlobalSection(ProjectConfigurationPlatforms) = postSolution
		{71DE8C00-4119-4B3D-8913-873AB39A9CCF}.Debug|Any CPU.ActiveCfg = Debug|Any CPU
		{71DE8C00-4119-4B3D-8913-873AB39A9CCF}.Debug|Any CPU.Build.0 = Debug|Any CPU
		{71DE8C00-4119-4B3D-8913-873AB39A9CCF}.Release|Any CPU.ActiveCfg = Release|Any CPU
		{71DE8C00-4119-4B3D-8913-873AB39A9CCF}.Release|Any CPU.Build.0 = Release|Any CPU
	EndGlobalSection
	GlobalSection(SolutionProperties) = preSolution
		HideSolutionNode = FALSE
	EndGlobalSection
	GlobalSection(ExtensibilityGlobals) = postSolution
		SolutionGuid = {BC6742B5-5281-49E6-9E3D-481E247707E9}
	EndGlobalSection
EndGlobal
